
Microsoft Visual Studio Solution File, Format Version 12.00
# Visual Studio Version 17
VisualStudioVersion = 17.0.31903.59
MinimumVisualStudioVersion = 10.0.40219.1
Project("{2150E333-8FDC-42A3-9474-1A3956D46DE8}") = "AdminService", "AdminService", "{B18487DC-1FBF-604C-975D-98000AC67BD8}"
EndProject
Project("{FAE04EC0-301F-11D3-BF4B-00C04F79EFBC}") = "AdminService.API", "AdminService\AdminService.API\AdminService.API.csproj", "{A9BC2848-D859-48BA-BC99-970C29FCA223}"
EndProject
Project("{FAE04EC0-301F-11D3-BF4B-00C04F79EFBC}") = "AdminService.Application", "AdminService\AdminService.Application\AdminService.Application.csproj", "{DBC05D52-EC1C-46D3-9EAF-3AF0A0C9884B}"
EndProject
Project("{FAE04EC0-301F-11D3-BF4B-00C04F79EFBC}") = "AdminService.Domain", "AdminService\AdminService.Domain\AdminService.Domain.csproj", "{EE9AE570-1B88-4BFC-B221-B07CA816B445}"
EndProject
Project("{FAE04EC0-301F-11D3-BF4B-00C04F79EFBC}") = "AdminService.Infrastructure", "AdminService\AdminService.Infrastructure\AdminService.Infrastructure.csproj", "{DB1CCFF8-2184-46D7-B456-339D1AB1A45B}"
EndProject
Project("{FAE04EC0-301F-11D3-BF4B-00C04F79EFBC}") = "AdminService.Tests", "AdminService\AdminService.Tests\AdminService.Tests.csproj", "{8B63EE12-F99B-4186-8021-12D2672BABC6}"
EndProject
Project("{FAE04EC0-301F-11D3-BF4B-00C04F79EFBC}") = "ApiGateway", "ApiGateway\ApiGateway.csproj", "{A2C0028E-6A13-4346-9CA3-9F0BB08BBA81}"
EndProject
Project("{2150E333-8FDC-42A3-9474-1A3956D46DE8}") = "BookingService", "BookingService", "{373E20A2-713F-382D-A1E8-5C956ABCE3C1}"
EndProject
Project("{FAE04EC0-301F-11D3-BF4B-00C04F79EFBC}") = "BookingService.API", "BookingService\BookingService.API\BookingService.API.csproj", "{F8C62D1B-9921-42BF-B919-D16073EFD55C}"
EndProject
Project("{FAE04EC0-301F-11D3-BF4B-00C04F79EFBC}") = "BookingService.Application", "BookingService\BookingService.Application\BookingService.Application.csproj", "{7D9A6807-C2A2-4756-B1BA-69ADD607085E}"
EndProject
Project("{FAE04EC0-301F-11D3-BF4B-00C04F79EFBC}") = "BookingService.Domain", "BookingService\BookingService.Domain\BookingService.Domain.csproj", "{F922E277-F49B-41E4-81AD-7EBE84204AC2}"
EndProject
Project("{FAE04EC0-301F-11D3-BF4B-00C04F79EFBC}") = "BookingService.Infrastructure", "BookingService\BookingService.Infrastructure\BookingService.Infrastructure.csproj", "{580EA1E2-4C0F-437D-8459-E8A7FF3BA4AB}"
EndProject
Project("{FAE04EC0-301F-11D3-BF4B-00C04F79EFBC}") = "BookingService.Tests", "BookingService\BookingService.Tests\BookingService.Tests.csproj", "{78769410-F8CF-4A00-8FDA-980755E530B6}"
EndProject
Project("{2150E333-8FDC-42A3-9474-1A3956D46DE8}") = "CatalogService", "CatalogService", "{3018FE93-2D93-7D0A-2D30-70915967B595}"
EndProject
Project("{FAE04EC0-301F-11D3-BF4B-00C04F79EFBC}") = "CatalogService.API", "CatalogService\CatalogService.API\CatalogService.API.csproj", "{50AB30D7-FC01-40DF-98E3-1CB29153790B}"
EndProject
Project("{FAE04EC0-301F-11D3-BF4B-00C04F79EFBC}") = "CatalogService.Application", "CatalogService\CatalogService.Application\CatalogService.Application.csproj", "{BEED1C3D-B1E7-4FA2-9E30-82B24C336DF9}"
EndProject
Project("{FAE04EC0-301F-11D3-BF4B-00C04F79EFBC}") = "CatalogService.Domain", "CatalogService\CatalogService.Domain\CatalogService.Domain.csproj", "{8091E441-0FC7-4FD6-B5FD-C8B1A3253887}"
EndProject
Project("{FAE04EC0-301F-11D3-BF4B-00C04F79EFBC}") = "CatalogService.Infrastructure", "CatalogService\CatalogService.Infrastructure\CatalogService.Infrastructure.csproj", "{78E1F0C4-D7C9-4985-AB46-5ECA05E25EF8}"
EndProject
Project("{FAE04EC0-301F-11D3-BF4B-00C04F79EFBC}") = "CatalogService.Tests", "CatalogService\CatalogService.Tests\CatalogService.Tests.csproj", "{D4DA8A19-3555-47C0-8DA2-90D9C492C28F}"
EndProject
Project("{2150E333-8FDC-42A3-9474-1A3956D46DE8}") = "IdentityService", "IdentityService", "{C92C2A6C-C7DF-3B17-8CE7-85FC08468CCF}"
EndProject
Project("{FAE04EC0-301F-11D3-BF4B-00C04F79EFBC}") = "IdentityService.API", "IdentityService\IdentityService.API\IdentityService.API.csproj", "{16E7BCAE-FA83-495D-B2A4-695C95688FDC}"
EndProject
Project("{FAE04EC0-301F-11D3-BF4B-00C04F79EFBC}") = "IdentityService.Application", "IdentityService\IdentityService.Application\IdentityService.Application.csproj", "{65F71892-2EBD-4705-BFEB-110D646DF017}"
EndProject
Project("{FAE04EC0-301F-11D3-BF4B-00C04F79EFBC}") = "IdentityService.Domain", "IdentityService\IdentityService.Domain\IdentityService.Domain.csproj", "{DCBF3830-86E7-4522-9FE1-31D5FB105ED5}"
EndProject
Project("{FAE04EC0-301F-11D3-BF4B-00C04F79EFBC}") = "IdentityService.Infrastructure", "IdentityService\IdentityService.Infrastructure\IdentityService.Infrastructure.csproj", "{19E32162-85E1-41B1-B8F6-6D8A3BB9E763}"
EndProject
Project("{FAE04EC0-301F-11D3-BF4B-00C04F79EFBC}") = "IdentityService.Tests", "IdentityService\IdentityService.Tests\IdentityService.Tests.csproj", "{729DEF18-6C05-4B68-856A-A57DDE911571}"
EndProject
Global
	GlobalSection(SolutionConfigurationPlatforms) = preSolution
		Debug|Any CPU = Debug|Any CPU
		Debug|x64 = Debug|x64
		Debug|x86 = Debug|x86
		Release|Any CPU = Release|Any CPU
		Release|x64 = Release|x64
		Release|x86 = Release|x86
	EndGlobalSection
	GlobalSection(ProjectConfigurationPlatforms) = postSolution
		{A9BC2848-D859-48BA-BC99-970C29FCA223}.Debug|Any CPU.ActiveCfg = Debug|Any CPU
		{A9BC2848-D859-48BA-BC99-970C29FCA223}.Debug|Any CPU.Build.0 = Debug|Any CPU
		{A9BC2848-D859-48BA-BC99-970C29FCA223}.Debug|x64.ActiveCfg = Debug|Any CPU
		{A9BC2848-D859-48BA-BC99-970C29FCA223}.Debug|x64.Build.0 = Debug|Any CPU
		{A9BC2848-D859-48BA-BC99-970C29FCA223}.Debug|x86.ActiveCfg = Debug|Any CPU
		{A9BC2848-D859-48BA-BC99-970C29FCA223}.Debug|x86.Build.0 = Debug|Any CPU
		{A9BC2848-D859-48BA-BC99-970C29FCA223}.Release|Any CPU.ActiveCfg = Release|Any CPU
		{A9BC2848-D859-48BA-BC99-970C29FCA223}.Release|Any CPU.Build.0 = Release|Any CPU
		{A9BC2848-D859-48BA-BC99-970C29FCA223}.Release|x64.ActiveCfg = Release|Any CPU
		{A9BC2848-D859-48BA-BC99-970C29FCA223}.Release|x64.Build.0 = Release|Any CPU
		{A9BC2848-D859-48BA-BC99-970C29FCA223}.Release|x86.ActiveCfg = Release|Any CPU
		{A9BC2848-D859-48BA-BC99-970C29FCA223}.Release|x86.Build.0 = Release|Any CPU
		{DBC05D52-EC1C-46D3-9EAF-3AF0A0C9884B}.Debug|Any CPU.ActiveCfg = Debug|Any CPU
		{DBC05D52-EC1C-46D3-9EAF-3AF0A0C9884B}.Debug|Any CPU.Build.0 = Debug|Any CPU
		{DBC05D52-EC1C-46D3-9EAF-3AF0A0C9884B}.Debug|x64.ActiveCfg = Debug|Any CPU
		{DBC05D52-EC1C-46D3-9EAF-3AF0A0C9884B}.Debug|x64.Build.0 = Debug|Any CPU
		{DBC05D52-EC1C-46D3-9EAF-3AF0A0C9884B}.Debug|x86.ActiveCfg = Debug|Any CPU
		{DBC05D52-EC1C-46D3-9EAF-3AF0A0C9884B}.Debug|x86.Build.0 = Debug|Any CPU
		{DBC05D52-EC1C-46D3-9EAF-3AF0A0C9884B}.Release|Any CPU.ActiveCfg = Release|Any CPU
		{DBC05D52-EC1C-46D3-9EAF-3AF0A0C9884B}.Release|Any CPU.Build.0 = Release|Any CPU
		{DBC05D52-EC1C-46D3-9EAF-3AF0A0C9884B}.Release|x64.ActiveCfg = Release|Any CPU
		{DBC05D52-EC1C-46D3-9EAF-3AF0A0C9884B}.Release|x64.Build.0 = Release|Any CPU
		{DBC05D52-EC1C-46D3-9EAF-3AF0A0C9884B}.Release|x86.ActiveCfg = Release|Any CPU
		{DBC05D52-EC1C-46D3-9EAF-3AF0A0C9884B}.Release|x86.Build.0 = Release|Any CPU
		{EE9AE570-1B88-4BFC-B221-B07CA816B445}.Debug|Any CPU.ActiveCfg = Debug|Any CPU
		{EE9AE570-1B88-4BFC-B221-B07CA816B445}.Debug|Any CPU.Build.0 = Debug|Any CPU
		{EE9AE570-1B88-4BFC-B221-B07CA816B445}.Debug|x64.ActiveCfg = Debug|Any CPU
		{EE9AE570-1B88-4BFC-B221-B07CA816B445}.Debug|x64.Build.0 = Debug|Any CPU
		{EE9AE570-1B88-4BFC-B221-B07CA816B445}.Debug|x86.ActiveCfg = Debug|Any CPU
		{EE9AE570-1B88-4BFC-B221-B07CA816B445}.Debug|x86.Build.0 = Debug|Any CPU
		{EE9AE570-1B88-4BFC-B221-B07CA816B445}.Release|Any CPU.ActiveCfg = Release|Any CPU
		{EE9AE570-1B88-4BFC-B221-B07CA816B445}.Release|Any CPU.Build.0 = Release|Any CPU
		{EE9AE570-1B88-4BFC-B221-B07CA816B445}.Release|x64.ActiveCfg = Release|Any CPU
		{EE9AE570-1B88-4BFC-B221-B07CA816B445}.Release|x64.Build.0 = Release|Any CPU
		{EE9AE570-1B88-4BFC-B221-B07CA816B445}.Release|x86.ActiveCfg = Release|Any CPU
		{EE9AE570-1B88-4BFC-B221-B07CA816B445}.Release|x86.Build.0 = Release|Any CPU
		{DB1CCFF8-2184-46D7-B456-339D1AB1A45B}.Debug|Any CPU.ActiveCfg = Debug|Any CPU
		{DB1CCFF8-2184-46D7-B456-339D1AB1A45B}.Debug|Any CPU.Build.0 = Debug|Any CPU
		{DB1CCFF8-2184-46D7-B456-339D1AB1A45B}.Debug|x64.ActiveCfg = Debug|Any CPU
		{DB1CCFF8-2184-46D7-B456-339D1AB1A45B}.Debug|x64.Build.0 = Debug|Any CPU
		{DB1CCFF8-2184-46D7-B456-339D1AB1A45B}.Debug|x86.ActiveCfg = Debug|Any CPU
		{DB1CCFF8-2184-46D7-B456-339D1AB1A45B}.Debug|x86.Build.0 = Debug|Any CPU
		{DB1CCFF8-2184-46D7-B456-339D1AB1A45B}.Release|Any CPU.ActiveCfg = Release|Any CPU
		{DB1CCFF8-2184-46D7-B456-339D1AB1A45B}.Release|Any CPU.Build.0 = Release|Any CPU
		{DB1CCFF8-2184-46D7-B456-339D1AB1A45B}.Release|x64.ActiveCfg = Release|Any CPU
		{DB1CCFF8-2184-46D7-B456-339D1AB1A45B}.Release|x64.Build.0 = Release|Any CPU
		{DB1CCFF8-2184-46D7-B456-339D1AB1A45B}.Release|x86.ActiveCfg = Release|Any CPU
		{DB1CCFF8-2184-46D7-B456-339D1AB1A45B}.Release|x86.Build.0 = Release|Any CPU
		{8B63EE12-F99B-4186-8021-12D2672BABC6}.Debug|Any CPU.ActiveCfg = Debug|Any CPU
		{8B63EE12-F99B-4186-8021-12D2672BABC6}.Debug|Any CPU.Build.0 = Debug|Any CPU
		{8B63EE12-F99B-4186-8021-12D2672BABC6}.Debug|x64.ActiveCfg = Debug|Any CPU
		{8B63EE12-F99B-4186-8021-12D2672BABC6}.Debug|x64.Build.0 = Debug|Any CPU
		{8B63EE12-F99B-4186-8021-12D2672BABC6}.Debug|x86.ActiveCfg = Debug|Any CPU
		{8B63EE12-F99B-4186-8021-12D2672BABC6}.Debug|x86.Build.0 = Debug|Any CPU
		{8B63EE12-F99B-4186-8021-12D2672BABC6}.Release|Any CPU.ActiveCfg = Release|Any CPU
		{8B63EE12-F99B-4186-8021-12D2672BABC6}.Release|Any CPU.Build.0 = Release|Any CPU
		{8B63EE12-F99B-4186-8021-12D2672BABC6}.Release|x64.ActiveCfg = Release|Any CPU
		{8B63EE12-F99B-4186-8021-12D2672BABC6}.Release|x64.Build.0 = Release|Any CPU
		{8B63EE12-F99B-4186-8021-12D2672BABC6}.Release|x86.ActiveCfg = Release|Any CPU
		{8B63EE12-F99B-4186-8021-12D2672BABC6}.Release|x86.Build.0 = Release|Any CPU
		{A2C0028E-6A13-4346-9CA3-9F0BB08BBA81}.Debug|Any CPU.ActiveCfg = Debug|Any CPU
		{A2C0028E-6A13-4346-9CA3-9F0BB08BBA81}.Debug|Any CPU.Build.0 = Debug|Any CPU
		{A2C0028E-6A13-4346-9CA3-9F0BB08BBA81}.Debug|x64.ActiveCfg = Debug|Any CPU
		{A2C0028E-6A13-4346-9CA3-9F0BB08BBA81}.Debug|x64.Build.0 = Debug|Any CPU
		{A2C0028E-6A13-4346-9CA3-9F0BB08BBA81}.Debug|x86.ActiveCfg = Debug|Any CPU
		{A2C0028E-6A13-4346-9CA3-9F0BB08BBA81}.Debug|x86.Build.0 = Debug|Any CPU
		{A2C0028E-6A13-4346-9CA3-9F0BB08BBA81}.Release|Any CPU.ActiveCfg = Release|Any CPU
		{A2C0028E-6A13-4346-9CA3-9F0BB08BBA81}.Release|Any CPU.Build.0 = Release|Any CPU
		{A2C0028E-6A13-4346-9CA3-9F0BB08BBA81}.Release|x64.ActiveCfg = Release|Any CPU
		{A2C0028E-6A13-4346-9CA3-9F0BB08BBA81}.Release|x64.Build.0 = Release|Any CPU
		{A2C0028E-6A13-4346-9CA3-9F0BB08BBA81}.Release|x86.ActiveCfg = Release|Any CPU
		{A2C0028E-6A13-4346-9CA3-9F0BB08BBA81}.Release|x86.Build.0 = Release|Any CPU
		{F8C62D1B-9921-42BF-B919-D16073EFD55C}.Debug|Any CPU.ActiveCfg = Debug|Any CPU
		{F8C62D1B-9921-42BF-B919-D16073EFD55C}.Debug|Any CPU.Build.0 = Debug|Any CPU
		{F8C62D1B-9921-42BF-B919-D16073EFD55C}.Debug|x64.ActiveCfg = Debug|Any CPU
		{F8C62D1B-9921-42BF-B919-D16073EFD55C}.Debug|x64.Build.0 = Debug|Any CPU
		{F8C62D1B-9921-42BF-B919-D16073EFD55C}.Debug|x86.ActiveCfg = Debug|Any CPU
		{F8C62D1B-9921-42BF-B919-D16073EFD55C}.Debug|x86.Build.0 = Debug|Any CPU
		{F8C62D1B-9921-42BF-B919-D16073EFD55C}.Release|Any CPU.ActiveCfg = Release|Any CPU
		{F8C62D1B-9921-42BF-B919-D16073EFD55C}.Release|Any CPU.Build.0 = Release|Any CPU
		{F8C62D1B-9921-42BF-B919-D16073EFD55C}.Release|x64.ActiveCfg = Release|Any CPU
		{F8C62D1B-9921-42BF-B919-D16073EFD55C}.Release|x64.Build.0 = Release|Any CPU
		{F8C62D1B-9921-42BF-B919-D16073EFD55C}.Release|x86.ActiveCfg = Release|Any CPU
		{F8C62D1B-9921-42BF-B919-D16073EFD55C}.Release|x86.Build.0 = Release|Any CPU
		{7D9A6807-C2A2-4756-B1BA-69ADD607085E}.Debug|Any CPU.ActiveCfg = Debug|Any CPU
		{7D9A6807-C2A2-4756-B1BA-69ADD607085E}.Debug|Any CPU.Build.0 = Debug|Any CPU
		{7D9A6807-C2A2-4756-B1BA-69ADD607085E}.Debug|x64.ActiveCfg = Debug|Any CPU
		{7D9A6807-C2A2-4756-B1BA-69ADD607085E}.Debug|x64.Build.0 = Debug|Any CPU
		{7D9A6807-C2A2-4756-B1BA-69ADD607085E}.Debug|x86.ActiveCfg = Debug|Any CPU
		{7D9A6807-C2A2-4756-B1BA-69ADD607085E}.Debug|x86.Build.0 = Debug|Any CPU
		{7D9A6807-C2A2-4756-B1BA-69ADD607085E}.Release|Any CPU.ActiveCfg = Release|Any CPU
		{7D9A6807-C2A2-4756-B1BA-69ADD607085E}.Release|Any CPU.Build.0 = Release|Any CPU
		{7D9A6807-C2A2-4756-B1BA-69ADD607085E}.Release|x64.ActiveCfg = Release|Any CPU
		{7D9A6807-C2A2-4756-B1BA-69ADD607085E}.Release|x64.Build.0 = Release|Any CPU
		{7D9A6807-C2A2-4756-B1BA-69ADD607085E}.Release|x86.ActiveCfg = Release|Any CPU
		{7D9A6807-C2A2-4756-B1BA-69ADD607085E}.Release|x86.Build.0 = Release|Any CPU
		{F922E277-F49B-41E4-81AD-7EBE84204AC2}.Debug|Any CPU.ActiveCfg = Debug|Any CPU
		{F922E277-F49B-41E4-81AD-7EBE84204AC2}.Debug|Any CPU.Build.0 = Debug|Any CPU
		{F922E277-F49B-41E4-81AD-7EBE84204AC2}.Debug|x64.ActiveCfg = Debug|Any CPU
		{F922E277-F49B-41E4-81AD-7EBE84204AC2}.Debug|x64.Build.0 = Debug|Any CPU
		{F922E277-F49B-41E4-81AD-7EBE84204AC2}.Debug|x86.ActiveCfg = Debug|Any CPU
		{F922E277-F49B-41E4-81AD-7EBE84204AC2}.Debug|x86.Build.0 = Debug|Any CPU
		{F922E277-F49B-41E4-81AD-7EBE84204AC2}.Release|Any CPU.ActiveCfg = Release|Any CPU
		{F922E277-F49B-41E4-81AD-7EBE84204AC2}.Release|Any CPU.Build.0 = Release|Any CPU
		{F922E277-F49B-41E4-81AD-7EBE84204AC2}.Release|x64.ActiveCfg = Release|Any CPU
		{F922E277-F49B-41E4-81AD-7EBE84204AC2}.Release|x64.Build.0 = Release|Any CPU
		{F922E277-F49B-41E4-81AD-7EBE84204AC2}.Release|x86.ActiveCfg = Release|Any CPU
		{F922E277-F49B-41E4-81AD-7EBE84204AC2}.Release|x86.Build.0 = Release|Any CPU
		{580EA1E2-4C0F-437D-8459-E8A7FF3BA4AB}.Debug|Any CPU.ActiveCfg = Debug|Any CPU
		{580EA1E2-4C0F-437D-8459-E8A7FF3BA4AB}.Debug|Any CPU.Build.0 = Debug|Any CPU
		{580EA1E2-4C0F-437D-8459-E8A7FF3BA4AB}.Debug|x64.ActiveCfg = Debug|Any CPU
		{580EA1E2-4C0F-437D-8459-E8A7FF3BA4AB}.Debug|x64.Build.0 = Debug|Any CPU
		{580EA1E2-4C0F-437D-8459-E8A7FF3BA4AB}.Debug|x86.ActiveCfg = Debug|Any CPU
		{580EA1E2-4C0F-437D-8459-E8A7FF3BA4AB}.Debug|x86.Build.0 = Debug|Any CPU
		{580EA1E2-4C0F-437D-8459-E8A7FF3BA4AB}.Release|Any CPU.ActiveCfg = Release|Any CPU
		{580EA1E2-4C0F-437D-8459-E8A7FF3BA4AB}.Release|Any CPU.Build.0 = Release|Any CPU
		{580EA1E2-4C0F-437D-8459-E8A7FF3BA4AB}.Release|x64.ActiveCfg = Release|Any CPU
		{580EA1E2-4C0F-437D-8459-E8A7FF3BA4AB}.Release|x64.Build.0 = Release|Any CPU
		{580EA1E2-4C0F-437D-8459-E8A7FF3BA4AB}.Release|x86.ActiveCfg = Release|Any CPU
		{580EA1E2-4C0F-437D-8459-E8A7FF3BA4AB}.Release|x86.Build.0 = Release|Any CPU
		{78769410-F8CF-4A00-8FDA-980755E530B6}.Debug|Any CPU.ActiveCfg = Debug|Any CPU
		{78769410-F8CF-4A00-8FDA-980755E530B6}.Debug|Any CPU.Build.0 = Debug|Any CPU
		{78769410-F8CF-4A00-8FDA-980755E530B6}.Debug|x64.ActiveCfg = Debug|Any CPU
		{78769410-F8CF-4A00-8FDA-980755E530B6}.Debug|x64.Build.0 = Debug|Any CPU
		{78769410-F8CF-4A00-8FDA-980755E530B6}.Debug|x86.ActiveCfg = Debug|Any CPU
		{78769410-F8CF-4A00-8FDA-980755E530B6}.Debug|x86.Build.0 = Debug|Any CPU
		{78769410-F8CF-4A00-8FDA-980755E530B6}.Release|Any CPU.ActiveCfg = Release|Any CPU
		{78769410-F8CF-4A00-8FDA-980755E530B6}.Release|Any CPU.Build.0 = Release|Any CPU
		{78769410-F8CF-4A00-8FDA-980755E530B6}.Release|x64.ActiveCfg = Release|Any CPU
		{78769410-F8CF-4A00-8FDA-980755E530B6}.Release|x64.Build.0 = Release|Any CPU
		{78769410-F8CF-4A00-8FDA-980755E530B6}.Release|x86.ActiveCfg = Release|Any CPU
		{78769410-F8CF-4A00-8FDA-980755E530B6}.Release|x86.Build.0 = Release|Any CPU
		{50AB30D7-FC01-40DF-98E3-1CB29153790B}.Debug|Any CPU.ActiveCfg = Debug|Any CPU
		{50AB30D7-FC01-40DF-98E3-1CB29153790B}.Debug|Any CPU.Build.0 = Debug|Any CPU
		{50AB30D7-FC01-40DF-98E3-1CB29153790B}.Debug|x64.ActiveCfg = Debug|Any CPU
		{50AB30D7-FC01-40DF-98E3-1CB29153790B}.Debug|x64.Build.0 = Debug|Any CPU
		{50AB30D7-FC01-40DF-98E3-1CB29153790B}.Debug|x86.ActiveCfg = Debug|Any CPU
		{50AB30D7-FC01-40DF-98E3-1CB29153790B}.Debug|x86.Build.0 = Debug|Any CPU
		{50AB30D7-FC01-40DF-98E3-1CB29153790B}.Release|Any CPU.ActiveCfg = Release|Any CPU
		{50AB30D7-FC01-40DF-98E3-1CB29153790B}.Release|Any CPU.Build.0 = Release|Any CPU
		{50AB30D7-FC01-40DF-98E3-1CB29153790B}.Release|x64.ActiveCfg = Release|Any CPU
		{50AB30D7-FC01-40DF-98E3-1CB29153790B}.Release|x64.Build.0 = Release|Any CPU
		{50AB30D7-FC01-40DF-98E3-1CB29153790B}.Release|x86.ActiveCfg = Release|Any CPU
		{50AB30D7-FC01-40DF-98E3-1CB29153790B}.Release|x86.Build.0 = Release|Any CPU
		{BEED1C3D-B1E7-4FA2-9E30-82B24C336DF9}.Debug|Any CPU.ActiveCfg = Debug|Any CPU
		{BEED1C3D-B1E7-4FA2-9E30-82B24C336DF9}.Debug|Any CPU.Build.0 = Debug|Any CPU
		{BEED1C3D-B1E7-4FA2-9E30-82B24C336DF9}.Debug|x64.ActiveCfg = Debug|Any CPU
		{BEED1C3D-B1E7-4FA2-9E30-82B24C336DF9}.Debug|x64.Build.0 = Debug|Any CPU
		{BEED1C3D-B1E7-4FA2-9E30-82B24C336DF9}.Debug|x86.ActiveCfg = Debug|Any CPU
		{BEED1C3D-B1E7-4FA2-9E30-82B24C336DF9}.Debug|x86.Build.0 = Debug|Any CPU
		{BEED1C3D-B1E7-4FA2-9E30-82B24C336DF9}.Release|Any CPU.ActiveCfg = Release|Any CPU
		{BEED1C3D-B1E7-4FA2-9E30-82B24C336DF9}.Release|Any CPU.Build.0 = Release|Any CPU
		{BEED1C3D-B1E7-4FA2-9E30-82B24C336DF9}.Release|x64.ActiveCfg = Release|Any CPU
		{BEED1C3D-B1E7-4FA2-9E30-82B24C336DF9}.Release|x64.Build.0 = Release|Any CPU
		{BEED1C3D-B1E7-4FA2-9E30-82B24C336DF9}.Release|x86.ActiveCfg = Release|Any CPU
		{BEED1C3D-B1E7-4FA2-9E30-82B24C336DF9}.Release|x86.Build.0 = Release|Any CPU
		{8091E441-0FC7-4FD6-B5FD-C8B1A3253887}.Debug|Any CPU.ActiveCfg = Debug|Any CPU
		{8091E441-0FC7-4FD6-B5FD-C8B1A3253887}.Debug|Any CPU.Build.0 = Debug|Any CPU
		{8091E441-0FC7-4FD6-B5FD-C8B1A3253887}.Debug|x64.ActiveCfg = Debug|Any CPU
		{8091E441-0FC7-4FD6-B5FD-C8B1A3253887}.Debug|x64.Build.0 = Debug|Any CPU
		{8091E441-0FC7-4FD6-B5FD-C8B1A3253887}.Debug|x86.ActiveCfg = Debug|Any CPU
		{8091E441-0FC7-4FD6-B5FD-C8B1A3253887}.Debug|x86.Build.0 = Debug|Any CPU
		{8091E441-0FC7-4FD6-B5FD-C8B1A3253887}.Release|Any CPU.ActiveCfg = Release|Any CPU
		{8091E441-0FC7-4FD6-B5FD-C8B1A3253887}.Release|Any CPU.Build.0 = Release|Any CPU
		{8091E441-0FC7-4FD6-B5FD-C8B1A3253887}.Release|x64.ActiveCfg = Release|Any CPU
		{8091E441-0FC7-4FD6-B5FD-C8B1A3253887}.Release|x64.Build.0 = Release|Any CPU
		{8091E441-0FC7-4FD6-B5FD-C8B1A3253887}.Release|x86.ActiveCfg = Release|Any CPU
		{8091E441-0FC7-4FD6-B5FD-C8B1A3253887}.Release|x86.Build.0 = Release|Any CPU
		{78E1F0C4-D7C9-4985-AB46-5ECA05E25EF8}.Debug|Any CPU.ActiveCfg = Debug|Any CPU
		{78E1F0C4-D7C9-4985-AB46-5ECA05E25EF8}.Debug|Any CPU.Build.0 = Debug|Any CPU
		{78E1F0C4-D7C9-4985-AB46-5ECA05E25EF8}.Debug|x64.ActiveCfg = Debug|Any CPU
		{78E1F0C4-D7C9-4985-AB46-5ECA05E25EF8}.Debug|x64.Build.0 = Debug|Any CPU
		{78E1F0C4-D7C9-4985-AB46-5ECA05E25EF8}.Debug|x86.ActiveCfg = Debug|Any CPU
		{78E1F0C4-D7C9-4985-AB46-5ECA05E25EF8}.Debug|x86.Build.0 = Debug|Any CPU
		{78E1F0C4-D7C9-4985-AB46-5ECA05E25EF8}.Release|Any CPU.ActiveCfg = Release|Any CPU
		{78E1F0C4-D7C9-4985-AB46-5ECA05E25EF8}.Release|Any CPU.Build.0 = Release|Any CPU
		{78E1F0C4-D7C9-4985-AB46-5ECA05E25EF8}.Release|x64.ActiveCfg = Release|Any CPU
		{78E1F0C4-D7C9-4985-AB46-5ECA05E25EF8}.Release|x64.Build.0 = Release|Any CPU
		{78E1F0C4-D7C9-4985-AB46-5ECA05E25EF8}.Release|x86.ActiveCfg = Release|Any CPU
		{78E1F0C4-D7C9-4985-AB46-5ECA05E25EF8}.Release|x86.Build.0 = Release|Any CPU
		{D4DA8A19-3555-47C0-8DA2-90D9C492C28F}.Debug|Any CPU.ActiveCfg = Debug|Any CPU
		{D4DA8A19-3555-47C0-8DA2-90D9C492C28F}.Debug|Any CPU.Build.0 = Debug|Any CPU
		{D4DA8A19-3555-47C0-8DA2-90D9C492C28F}.Debug|x64.ActiveCfg = Debug|Any CPU
		{D4DA8A19-3555-47C0-8DA2-90D9C492C28F}.Debug|x64.Build.0 = Debug|Any CPU
		{D4DA8A19-3555-47C0-8DA2-90D9C492C28F}.Debug|x86.ActiveCfg = Debug|Any CPU
		{D4DA8A19-3555-47C0-8DA2-90D9C492C28F}.Debug|x86.Build.0 = Debug|Any CPU
		{D4DA8A19-3555-47C0-8DA2-90D9C492C28F}.Release|Any CPU.ActiveCfg = Release|Any CPU
		{D4DA8A19-3555-47C0-8DA2-90D9C492C28F}.Release|Any CPU.Build.0 = Release|Any CPU
		{D4DA8A19-3555-47C0-8DA2-90D9C492C28F}.Release|x64.ActiveCfg = Release|Any CPU
		{D4DA8A19-3555-47C0-8DA2-90D9C492C28F}.Release|x64.Build.0 = Release|Any CPU
		{D4DA8A19-3555-47C0-8DA2-90D9C492C28F}.Release|x86.ActiveCfg = Release|Any CPU
		{D4DA8A19-3555-47C0-8DA2-90D9C492C28F}.Release|x86.Build.0 = Release|Any CPU
		{16E7BCAE-FA83-495D-B2A4-695C95688FDC}.Debug|Any CPU.ActiveCfg = Debug|Any CPU
		{16E7BCAE-FA83-495D-B2A4-695C95688FDC}.Debug|Any CPU.Build.0 = Debug|Any CPU
		{16E7BCAE-FA83-495D-B2A4-695C95688FDC}.Debug|x64.ActiveCfg = Debug|Any CPU
		{16E7BCAE-FA83-495D-B2A4-695C95688FDC}.Debug|x64.Build.0 = Debug|Any CPU
		{16E7BCAE-FA83-495D-B2A4-695C95688FDC}.Debug|x86.ActiveCfg = Debug|Any CPU
		{16E7BCAE-FA83-495D-B2A4-695C95688FDC}.Debug|x86.Build.0 = Debug|Any CPU
		{16E7BCAE-FA83-495D-B2A4-695C95688FDC}.Release|Any CPU.ActiveCfg = Release|Any CPU
		{16E7BCAE-FA83-495D-B2A4-695C95688FDC}.Release|Any CPU.Build.0 = Release|Any CPU
		{16E7BCAE-FA83-495D-B2A4-695C95688FDC}.Release|x64.ActiveCfg = Release|Any CPU
		{16E7BCAE-FA83-495D-B2A4-695C95688FDC}.Release|x64.Build.0 = Release|Any CPU
		{16E7BCAE-FA83-495D-B2A4-695C95688FDC}.Release|x86.ActiveCfg = Release|Any CPU
		{16E7BCAE-FA83-495D-B2A4-695C95688FDC}.Release|x86.Build.0 = Release|Any CPU
		{65F71892-2EBD-4705-BFEB-110D646DF017}.Debug|Any CPU.ActiveCfg = Debug|Any CPU
		{65F71892-2EBD-4705-BFEB-110D646DF017}.Debug|Any CPU.Build.0 = Debug|Any CPU
		{65F71892-2EBD-4705-BFEB-110D646DF017}.Debug|x64.ActiveCfg = Debug|Any CPU
		{65F71892-2EBD-4705-BFEB-110D646DF017}.Debug|x64.Build.0 = Debug|Any CPU
		{65F71892-2EBD-4705-BFEB-110D646DF017}.Debug|x86.ActiveCfg = Debug|Any CPU
		{65F71892-2EBD-4705-BFEB-110D646DF017}.Debug|x86.Build.0 = Debug|Any CPU
		{65F71892-2EBD-4705-BFEB-110D646DF017}.Release|Any CPU.ActiveCfg = Release|Any CPU
		{65F71892-2EBD-4705-BFEB-110D646DF017}.Release|Any CPU.Build.0 = Release|Any CPU
		{65F71892-2EBD-4705-BFEB-110D646DF017}.Release|x64.ActiveCfg = Release|Any CPU
		{65F71892-2EBD-4705-BFEB-110D646DF017}.Release|x64.Build.0 = Release|Any CPU
		{65F71892-2EBD-4705-BFEB-110D646DF017}.Release|x86.ActiveCfg = Release|Any CPU
		{65F71892-2EBD-4705-BFEB-110D646DF017}.Release|x86.Build.0 = Release|Any CPU
		{DCBF3830-86E7-4522-9FE1-31D5FB105ED5}.Debug|Any CPU.ActiveCfg = Debug|Any CPU
		{DCBF3830-86E7-4522-9FE1-31D5FB105ED5}.Debug|Any CPU.Build.0 = Debug|Any CPU
		{DCBF3830-86E7-4522-9FE1-31D5FB105ED5}.Debug|x64.ActiveCfg = Debug|Any CPU
		{DCBF3830-86E7-4522-9FE1-31D5FB105ED5}.Debug|x64.Build.0 = Debug|Any CPU
		{DCBF3830-86E7-4522-9FE1-31D5FB105ED5}.Debug|x86.ActiveCfg = Debug|Any CPU
		{DCBF3830-86E7-4522-9FE1-31D5FB105ED5}.Debug|x86.Build.0 = Debug|Any CPU
		{DCBF3830-86E7-4522-9FE1-31D5FB105ED5}.Release|Any CPU.ActiveCfg = Release|Any CPU
		{DCBF3830-86E7-4522-9FE1-31D5FB105ED5}.Release|Any CPU.Build.0 = Release|Any CPU
		{DCBF3830-86E7-4522-9FE1-31D5FB105ED5}.Release|x64.ActiveCfg = Release|Any CPU
		{DCBF3830-86E7-4522-9FE1-31D5FB105ED5}.Release|x64.Build.0 = Release|Any CPU
		{DCBF3830-86E7-4522-9FE1-31D5FB105ED5}.Release|x86.ActiveCfg = Release|Any CPU
		{DCBF3830-86E7-4522-9FE1-31D5FB105ED5}.Release|x86.Build.0 = Release|Any CPU
		{19E32162-85E1-41B1-B8F6-6D8A3BB9E763}.Debug|Any CPU.ActiveCfg = Debug|Any CPU
		{19E32162-85E1-41B1-B8F6-6D8A3BB9E763}.Debug|Any CPU.Build.0 = Debug|Any CPU
		{19E32162-85E1-41B1-B8F6-6D8A3BB9E763}.Debug|x64.ActiveCfg = Debug|Any CPU
		{19E32162-85E1-41B1-B8F6-6D8A3BB9E763}.Debug|x64.Build.0 = Debug|Any CPU
		{19E32162-85E1-41B1-B8F6-6D8A3BB9E763}.Debug|x86.ActiveCfg = Debug|Any CPU
		{19E32162-85E1-41B1-B8F6-6D8A3BB9E763}.Debug|x86.Build.0 = Debug|Any CPU
		{19E32162-85E1-41B1-B8F6-6D8A3BB9E763}.Release|Any CPU.ActiveCfg = Release|Any CPU
		{19E32162-85E1-41B1-B8F6-6D8A3BB9E763}.Release|Any CPU.Build.0 = Release|Any CPU
		{19E32162-85E1-41B1-B8F6-6D8A3BB9E763}.Release|x64.ActiveCfg = Release|Any CPU
		{19E32162-85E1-41B1-B8F6-6D8A3BB9E763}.Release|x64.Build.0 = Release|Any CPU
		{19E32162-85E1-41B1-B8F6-6D8A3BB9E763}.Release|x86.ActiveCfg = Release|Any CPU
		{19E32162-85E1-41B1-B8F6-6D8A3BB9E763}.Release|x86.Build.0 = Release|Any CPU
		{729DEF18-6C05-4B68-856A-A57DDE911571}.Debug|Any CPU.ActiveCfg = Debug|Any CPU
		{729DEF18-6C05-4B68-856A-A57DDE911571}.Debug|Any CPU.Build.0 = Debug|Any CPU
		{729DEF18-6C05-4B68-856A-A57DDE911571}.Debug|x64.ActiveCfg = Debug|Any CPU
		{729DEF18-6C05-4B68-856A-A57DDE911571}.Debug|x64.Build.0 = Debug|Any CPU
		{729DEF18-6C05-4B68-856A-A57DDE911571}.Debug|x86.ActiveCfg = Debug|Any CPU
		{729DEF18-6C05-4B68-856A-A57DDE911571}.Debug|x86.Build.0 = Debug|Any CPU
		{729DEF18-6C05-4B68-856A-A57DDE911571}.Release|Any CPU.ActiveCfg = Release|Any CPU
		{729DEF18-6C05-4B68-856A-A57DDE911571}.Release|Any CPU.Build.0 = Release|Any CPU
		{729DEF18-6C05-4B68-856A-A57DDE911571}.Release|x64.ActiveCfg = Release|Any CPU
		{729DEF18-6C05-4B68-856A-A57DDE911571}.Release|x64.Build.0 = Release|Any CPU
		{729DEF18-6C05-4B68-856A-A57DDE911571}.Release|x86.ActiveCfg = Release|Any CPU
		{729DEF18-6C05-4B68-856A-A57DDE911571}.Release|x86.Build.0 = Release|Any CPU
	EndGlobalSection
	GlobalSection(SolutionProperties) = preSolution
		HideSolutionNode = FALSE
	EndGlobalSection
	GlobalSection(NestedProjects) = preSolution
		{A9BC2848-D859-48BA-BC99-970C29FCA223} = {B18487DC-1FBF-604C-975D-98000AC67BD8}
		{DBC05D52-EC1C-46D3-9EAF-3AF0A0C9884B} = {B18487DC-1FBF-604C-975D-98000AC67BD8}
		{EE9AE570-1B88-4BFC-B221-B07CA816B445} = {B18487DC-1FBF-604C-975D-98000AC67BD8}
		{DB1CCFF8-2184-46D7-B456-339D1AB1A45B} = {B18487DC-1FBF-604C-975D-98000AC67BD8}
		{8B63EE12-F99B-4186-8021-12D2672BABC6} = {B18487DC-1FBF-604C-975D-98000AC67BD8}
		{F8C62D1B-9921-42BF-B919-D16073EFD55C} = {373E20A2-713F-382D-A1E8-5C956ABCE3C1}
		{7D9A6807-C2A2-4756-B1BA-69ADD607085E} = {373E20A2-713F-382D-A1E8-5C956ABCE3C1}
		{F922E277-F49B-41E4-81AD-7EBE84204AC2} = {373E20A2-713F-382D-A1E8-5C956ABCE3C1}
		{580EA1E2-4C0F-437D-8459-E8A7FF3BA4AB} = {373E20A2-713F-382D-A1E8-5C956ABCE3C1}
		{78769410-F8CF-4A00-8FDA-980755E530B6} = {373E20A2-713F-382D-A1E8-5C956ABCE3C1}
		{50AB30D7-FC01-40DF-98E3-1CB29153790B} = {3018FE93-2D93-7D0A-2D30-70915967B595}
		{BEED1C3D-B1E7-4FA2-9E30-82B24C336DF9} = {3018FE93-2D93-7D0A-2D30-70915967B595}
		{8091E441-0FC7-4FD6-B5FD-C8B1A3253887} = {3018FE93-2D93-7D0A-2D30-70915967B595}
		{78E1F0C4-D7C9-4985-AB46-5ECA05E25EF8} = {3018FE93-2D93-7D0A-2D30-70915967B595}
		{D4DA8A19-3555-47C0-8DA2-90D9C492C28F} = {3018FE93-2D93-7D0A-2D30-70915967B595}
		{16E7BCAE-FA83-495D-B2A4-695C95688FDC} = {C92C2A6C-C7DF-3B17-8CE7-85FC08468CCF}
		{65F71892-2EBD-4705-BFEB-110D646DF017} = {C92C2A6C-C7DF-3B17-8CE7-85FC08468CCF}
		{DCBF3830-86E7-4522-9FE1-31D5FB105ED5} = {C92C2A6C-C7DF-3B17-8CE7-85FC08468CCF}
		{19E32162-85E1-41B1-B8F6-6D8A3BB9E763} = {C92C2A6C-C7DF-3B17-8CE7-85FC08468CCF}
		{729DEF18-6C05-4B68-856A-A57DDE911571} = {C92C2A6C-C7DF-3B17-8CE7-85FC08468CCF}
	EndGlobalSection
EndGlobal
